
Microsoft Visual Studio Solution File, Format Version 12.00
Project("{FAE04EC0-301F-11D3-BF4B-00C04F79EFBC}") = "Application", "Application\Application.csproj", "{C30DC8AD-DB0E-4622-8F36-9359FE17ADCC}"
EndProject
Project("{FAE04EC0-301F-11D3-BF4B-00C04F79EFBC}") = "Domain", "Domain\Domain.csproj", "{EF0C274E-51D5-47ED-8527-8CD36E3A3511}"
EndProject
Project("{FAE04EC0-301F-11D3-BF4B-00C04F79EFBC}") = "HttpClients", "HttpClients\HttpClients.csproj", "{6E348839-AA06-43E8-AF29-CFBA197E86CE}"
EndProject
Project("{FAE04EC0-301F-11D3-BF4B-00C04F79EFBC}") = "BlazorWASM", "BlazorWASM\BlazorWASM.csproj", "{A1BD857F-888F-4B46-9C99-232575C381AF}"
EndProject
Project("{FAE04EC0-301F-11D3-BF4B-00C04F79EFBC}") = "WebAPI", "WebAPI\WebAPI.csproj", "{96156CFD-AB43-468C-88FA-E1EA83FB59C0}"
EndProject
Project("{FAE04EC0-301F-11D3-BF4B-00C04F79EFBC}") = "EfcDataAccess", "EfcDataAccess\EfcDataAccess.csproj", "{AB4F6026-0355-43BE-9CB9-EA1A1F686B45}"
EndProject
Global
	GlobalSection(SolutionConfigurationPlatforms) = preSolution
		Debug|Any CPU = Debug|Any CPU
		Release|Any CPU = Release|Any CPU
	EndGlobalSection
	GlobalSection(ProjectConfigurationPlatforms) = postSolution
		{C30DC8AD-DB0E-4622-8F36-9359FE17ADCC}.Debug|Any CPU.ActiveCfg = Debug|Any CPU
		{C30DC8AD-DB0E-4622-8F36-9359FE17ADCC}.Debug|Any CPU.Build.0 = Debug|Any CPU
		{C30DC8AD-DB0E-4622-8F36-9359FE17ADCC}.Release|Any CPU.ActiveCfg = Release|Any CPU
		{C30DC8AD-DB0E-4622-8F36-9359FE17ADCC}.Release|Any CPU.Build.0 = Release|Any CPU
		{EF0C274E-51D5-47ED-8527-8CD36E3A3511}.Debug|Any CPU.ActiveCfg = Debug|Any CPU
		{EF0C274E-51D5-47ED-8527-8CD36E3A3511}.Debug|Any CPU.Build.0 = Debug|Any CPU
		{EF0C274E-51D5-47ED-8527-8CD36E3A3511}.Release|Any CPU.ActiveCfg = Release|Any CPU
		{EF0C274E-51D5-47ED-8527-8CD36E3A3511}.Release|Any CPU.Build.0 = Release|Any CPU
		{6E348839-AA06-43E8-AF29-CFBA197E86CE}.Debug|Any CPU.ActiveCfg = Debug|Any CPU
		{6E348839-AA06-43E8-AF29-CFBA197E86CE}.Debug|Any CPU.Build.0 = Debug|Any CPU
		{6E348839-AA06-43E8-AF29-CFBA197E86CE}.Release|Any CPU.ActiveCfg = Release|Any CPU
		{6E348839-AA06-43E8-AF29-CFBA197E86CE}.Release|Any CPU.Build.0 = Release|Any CPU
		{A1BD857F-888F-4B46-9C99-232575C381AF}.Debug|Any CPU.ActiveCfg = Debug|Any CPU
		{A1BD857F-888F-4B46-9C99-232575C381AF}.Debug|Any CPU.Build.0 = Debug|Any CPU
		{A1BD857F-888F-4B46-9C99-232575C381AF}.Release|Any CPU.ActiveCfg = Release|Any CPU
		{A1BD857F-888F-4B46-9C99-232575C381AF}.Release|Any CPU.Build.0 = Release|Any CPU
		{96156CFD-AB43-468C-88FA-E1EA83FB59C0}.Debug|Any CPU.ActiveCfg = Debug|Any CPU
		{96156CFD-AB43-468C-88FA-E1EA83FB59C0}.Debug|Any CPU.Build.0 = Debug|Any CPU
		{96156CFD-AB43-468C-88FA-E1EA83FB59C0}.Release|Any CPU.ActiveCfg = Release|Any CPU
		{96156CFD-AB43-468C-88FA-E1EA83FB59C0}.Release|Any CPU.Build.0 = Release|Any CPU
		{AB4F6026-0355-43BE-9CB9-EA1A1F686B45}.Debug|Any CPU.ActiveCfg = Debug|Any CPU
		{AB4F6026-0355-43BE-9CB9-EA1A1F686B45}.Debug|Any CPU.Build.0 = Debug|Any CPU
		{AB4F6026-0355-43BE-9CB9-EA1A1F686B45}.Release|Any CPU.ActiveCfg = Release|Any CPU
		{AB4F6026-0355-43BE-9CB9-EA1A1F686B45}.Release|Any CPU.Build.0 = Release|Any CPU
	EndGlobalSection
EndGlobal
